
Microsoft Visual Studio Solution File, Format Version 12.00
# Visual Studio Version 17
VisualStudioVersion = 17.2.32526.322
MinimumVisualStudioVersion = 10.0.40219.1
Project("{9A19103F-16F7-4668-BE54-9A1E7A4F7556}") = "BulkyBookWebApp", "BulkyBookWebApp\BulkyBookWebApp.csproj", "{7DE1B911-BED9-461E-AC58-86137F62E980}"
EndProject
Project("{9A19103F-16F7-4668-BE54-9A1E7A4F7556}") = "BulkyBook.DataAccess", "BulkyBook.DataAccess\BulkyBook.DataAccess.csproj", "{372D9E47-6AD9-4D25-8981-7C6B7148DB18}"
EndProject
Project("{9A19103F-16F7-4668-BE54-9A1E7A4F7556}") = "BulkyBook.Models", "BulkyBook.Models\BulkyBook.Models.csproj", "{1DEE9C66-5914-4DF0-8DD7-02A14F330E81}"
EndProject
Project("{9A19103F-16F7-4668-BE54-9A1E7A4F7556}") = "BulkyBook.utilities", "BulkyBook.utilities\BulkyBook.utilities.csproj", "{8A840988-A978-4570-86A5-843D0EA315EA}"
EndProject
Project("{2150E333-8FDC-42A3-9474-1A3956D46DE8}") = "Solution Items", "Solution Items", "{05FB0B27-16B3-492D-9A86-B3BDB04FCE60}"
	ProjectSection(SolutionItems) = preProject
		.editorconfig = .editorconfig
	EndProjectSection
EndProject
Global
	GlobalSection(SolutionConfigurationPlatforms) = preSolution
		Debug|Any CPU = Debug|Any CPU
		Release|Any CPU = Release|Any CPU
	EndGlobalSection
	GlobalSection(ProjectConfigurationPlatforms) = postSolution
		{7DE1B911-BED9-461E-AC58-86137F62E980}.Debug|Any CPU.ActiveCfg = Debug|Any CPU
		{7DE1B911-BED9-461E-AC58-86137F62E980}.Debug|Any CPU.Build.0 = Debug|Any CPU
		{7DE1B911-BED9-461E-AC58-86137F62E980}.Release|Any CPU.ActiveCfg = Release|Any CPU
		{7DE1B911-BED9-461E-AC58-86137F62E980}.Release|Any CPU.Build.0 = Release|Any CPU
		{372D9E47-6AD9-4D25-8981-7C6B7148DB18}.Debug|Any CPU.ActiveCfg = Debug|Any CPU
		{372D9E47-6AD9-4D25-8981-7C6B7148DB18}.Debug|Any CPU.Build.0 = Debug|Any CPU
		{372D9E47-6AD9-4D25-8981-7C6B7148DB18}.Release|Any CPU.ActiveCfg = Release|Any CPU
		{372D9E47-6AD9-4D25-8981-7C6B7148DB18}.Release|Any CPU.Build.0 = Release|Any CPU
		{1DEE9C66-5914-4DF0-8DD7-02A14F330E81}.Debug|Any CPU.ActiveCfg = Debug|Any CPU
		{1DEE9C66-5914-4DF0-8DD7-02A14F330E81}.Debug|Any CPU.Build.0 = Debug|Any CPU
		{1DEE9C66-5914-4DF0-8DD7-02A14F330E81}.Release|Any CPU.ActiveCfg = Release|Any CPU
		{1DEE9C66-5914-4DF0-8DD7-02A14F330E81}.Release|Any CPU.Build.0 = Release|Any CPU
		{8A840988-A978-4570-86A5-843D0EA315EA}.Debug|Any CPU.ActiveCfg = Debug|Any CPU
		{8A840988-A978-4570-86A5-843D0EA315EA}.Debug|Any CPU.Build.0 = Debug|Any CPU
		{8A840988-A978-4570-86A5-843D0EA315EA}.Release|Any CPU.ActiveCfg = Release|Any CPU
		{8A840988-A978-4570-86A5-843D0EA315EA}.Release|Any CPU.Build.0 = Release|Any CPU
	EndGlobalSection
	GlobalSection(SolutionProperties) = preSolution
		HideSolutionNode = FALSE
	EndGlobalSection
	GlobalSection(ExtensibilityGlobals) = postSolution
		SolutionGuid = {06599F09-8DFA-4488-B652-3AB26E8B8581}
	EndGlobalSection
EndGlobal
